{
  "name": "chatfuel-helper",
  "version": "1.0.2",
  "lockfileVersion": 1,
  "requires": true,
  "dependencies": {
    "json_encode": {
      "version": "0.1.0",
      "resolved": "https://registry.npmjs.org/json_encode/-/json_encode-0.1.0.tgz",
      "integrity": "sha1-tfW5evA5yA32GwfH+4VIbPDUfYs="
    }
  }
}
